
Microsoft Visual Studio Solution File, Format Version 12.00
# Visual Studio Version 17
VisualStudioVersion = 17.11.35222.181
MinimumVisualStudioVersion = 10.0.40219.1
Project("{FAE04EC0-301F-11D3-BF4B-00C04F79EFBC}") = "EJERCICIO 2 PRACTICA I - CP20242405", "EJERCICIO 2 PRACTICA I - CP20242405\EJERCICIO 2 PRACTICA I - CP20242405.csproj", "{CBBBFC19-C801-4BF1-9EC7-68D117803E26}"
EndProject
Global
	GlobalSection(SolutionConfigurationPlatforms) = preSolution
		Debug|Any CPU = Debug|Any CPU
		Release|Any CPU = Release|Any CPU
	EndGlobalSection
	GlobalSection(ProjectConfigurationPlatforms) = postSolution
		{CBBBFC19-C801-4BF1-9EC7-68D117803E26}.Debug|Any CPU.ActiveCfg = Debug|Any CPU
		{CBBBFC19-C801-4BF1-9EC7-68D117803E26}.Debug|Any CPU.Build.0 = Debug|Any CPU
		{CBBBFC19-C801-4BF1-9EC7-68D117803E26}.Release|Any CPU.ActiveCfg = Release|Any CPU
		{CBBBFC19-C801-4BF1-9EC7-68D117803E26}.Release|Any CPU.Build.0 = Release|Any CPU
	EndGlobalSection
	GlobalSection(SolutionProperties) = preSolution
		HideSolutionNode = FALSE
	EndGlobalSection
	GlobalSection(ExtensibilityGlobals) = postSolution
		SolutionGuid = {8418C1D0-2ABE-464B-83B2-761A03BF5D11}
	EndGlobalSection
EndGlobal
