
Microsoft Visual Studio Solution File, Format Version 12.00
# Visual Studio Version 17
VisualStudioVersion = 17.11.35222.181
MinimumVisualStudioVersion = 10.0.40219.1
Project("{FAE04EC0-301F-11D3-BF4B-00C04F79EFBC}") = "EJERCICIO 3 PRACTICA I - CP20242405", "EJERCICIO 3 PRACTICA I - CP20242405\EJERCICIO 3 PRACTICA I - CP20242405.csproj", "{31D8350D-B782-4FD2-B07E-092D0224F7FB}"
EndProject
Global
	GlobalSection(SolutionConfigurationPlatforms) = preSolution
		Debug|Any CPU = Debug|Any CPU
		Release|Any CPU = Release|Any CPU
	EndGlobalSection
	GlobalSection(ProjectConfigurationPlatforms) = postSolution
		{31D8350D-B782-4FD2-B07E-092D0224F7FB}.Debug|Any CPU.ActiveCfg = Debug|Any CPU
		{31D8350D-B782-4FD2-B07E-092D0224F7FB}.Debug|Any CPU.Build.0 = Debug|Any CPU
		{31D8350D-B782-4FD2-B07E-092D0224F7FB}.Release|Any CPU.ActiveCfg = Release|Any CPU
		{31D8350D-B782-4FD2-B07E-092D0224F7FB}.Release|Any CPU.Build.0 = Release|Any CPU
	EndGlobalSection
	GlobalSection(SolutionProperties) = preSolution
		HideSolutionNode = FALSE
	EndGlobalSection
	GlobalSection(ExtensibilityGlobals) = postSolution
		SolutionGuid = {A3DEEB06-3456-4F96-A17C-E8945A3696F8}
	EndGlobalSection
EndGlobal
